
Microsoft Visual Studio Solution File, Format Version 12.00
# Visual Studio Version 17
VisualStudioVersion = 17.5.33516.290
MinimumVisualStudioVersion = 10.0.40219.1
Project("{9A19103F-16F7-4668-BE54-9A1E7A4F7556}") = "ContactApi", "ContactApi.csproj", "{AA3C0CFF-1FB4-48CB-BFD5-1DCE9F1DCB6D}"
EndProject
Global
	GlobalSection(SolutionConfigurationPlatforms) = preSolution
		Debug|Any CPU = Debug|Any CPU
		Release|Any CPU = Release|Any CPU
	EndGlobalSection
	GlobalSection(ProjectConfigurationPlatforms) = postSolution
		{AA3C0CFF-1FB4-48CB-BFD5-1DCE9F1DCB6D}.Debug|Any CPU.ActiveCfg = Debug|Any CPU
		{AA3C0CFF-1FB4-48CB-BFD5-1DCE9F1DCB6D}.Debug|Any CPU.Build.0 = Debug|Any CPU
		{AA3C0CFF-1FB4-48CB-BFD5-1DCE9F1DCB6D}.Release|Any CPU.ActiveCfg = Release|Any CPU
		{AA3C0CFF-1FB4-48CB-BFD5-1DCE9F1DCB6D}.Release|Any CPU.Build.0 = Release|Any CPU
	EndGlobalSection
	GlobalSection(SolutionProperties) = preSolution
		HideSolutionNode = FALSE
	EndGlobalSection
	GlobalSection(ExtensibilityGlobals) = postSolution
		SolutionGuid = {91B83FAE-3946-4882-9CF8-D05A894ECCDD}
	EndGlobalSection
EndGlobal
